
Microsoft Visual Studio Solution File, Format Version 12.00
# Visual Studio 14
VisualStudioVersion = 14.0.25420.1
MinimumVisualStudioVersion = 10.0.40219.1
Project("{FAE04EC0-301F-11D3-BF4B-00C04F79EFBC}") = "SILO", "SILO\SILO.csproj", "{A841BA3E-72BD-4D09-9B34-AFC63EE61DEE}"
EndProject
Global
	GlobalSection(SolutionConfigurationPlatforms) = preSolution
		Debug|Any CPU = Debug|Any CPU
		Release|Any CPU = Release|Any CPU
	EndGlobalSection
	GlobalSection(ProjectConfigurationPlatforms) = postSolution
		{A841BA3E-72BD-4D09-9B34-AFC63EE61DEE}.Debug|Any CPU.ActiveCfg = Debug|Any CPU
		{A841BA3E-72BD-4D09-9B34-AFC63EE61DEE}.Debug|Any CPU.Build.0 = Debug|Any CPU
		{A841BA3E-72BD-4D09-9B34-AFC63EE61DEE}.Release|Any CPU.ActiveCfg = Release|Any CPU
		{A841BA3E-72BD-4D09-9B34-AFC63EE61DEE}.Release|Any CPU.Build.0 = Release|Any CPU
	EndGlobalSection
	GlobalSection(SolutionProperties) = preSolution
		HideSolutionNode = FALSE
	EndGlobalSection
EndGlobal
